// !$*UTF8*$!
{
	archiveVersion = 1;
	classes = {
	};
	objectVersion = 46;
	objects = {

/* Begin PBXBuildFile section */
		BC91D2361D13D503006903F2 /* AppDelegate.swift in Sources */ = {isa = PBXBuildFile; fileRef = BC91D2351D13D503006903F2 /* AppDelegate.swift */; };
		BC91D2381D13D503006903F2 /* ViewController.swift in Sources */ = {isa = PBXBuildFile; fileRef = BC91D2371D13D503006903F2 /* ViewController.swift */; };
		BC91D23A1D13D503006903F2 /* Assets.xcassets in Resources */ = {isa = PBXBuildFile; fileRef = BC91D2391D13D503006903F2 /* Assets.xcassets */; };
		BC91D23D1D13D503006903F2 /* Main.storyboard in Resources */ = {isa = PBXBuildFile; fileRef = BC91D23B1D13D503006903F2 /* Main.storyboard */; };
/* End PBXBuildFile section */

/* Begin PBXFileReference section */
		BC91D2321D13D503006903F2 /* SourceKitPlayground.app */ = {isa = PBXFileReference; explicitFileType = wrapper.application; includeInIndex = 0; path = SourceKitPlayground.app; sourceTree = BUILT_PRODUCTS_DIR; };
		BC91D2351D13D503006903F2 /* AppDelegate.swift */ = {isa = PBXFileReference; lastKnownFileType = sourcecode.swift; path = AppDelegate.swift; sourceTree = "<group>"; };
		BC91D2371D13D503006903F2 /* ViewController.swift */ = {isa = PBXFileReference; lastKnownFileType = sourcecode.swift; path = ViewController.swift; sourceTree = "<group>"; };
		BC91D2391D13D503006903F2 /* Assets.xcassets */ = {isa = PBXFileReference; lastKnownFileType = folder.assetcatalog; path = Assets.xcassets; sourceTree = "<group>"; };
		BC91D23C1D13D503006903F2 /* Base */ = {isa = PBXFileReference; lastKnownFileType = file.storyboard; name = Base; path = Base.lproj/Main.storyboard; sourceTree = "<group>"; };
		BC91D23E1D13D503006903F2 /* Info.plist */ = {isa = PBXFileReference; lastKnownFileType = text.plist.xml; path = Info.plist; sourceTree = "<group>"; };
/* End PBXFileReference section */

/* Begin PBXFrameworksBuildPhase section */
		BC91D22F1D13D503006903F2 /* Frameworks */ = {
			isa = PBXFrameworksBuildPhase;
			buildActionMask = 2147483647;
			files = (
			);
			runOnlyForDeploymentPostprocessing = 0;
		};
/* End PBXFrameworksBuildPhase section */

/* Begin PBXGroup section */
		BC91D2291D13D503006903F2 = {
			isa = PBXGroup;
			children = (
				BC91D2341D13D503006903F2 /* SourceKitPlayground */,
				BC91D2331D13D503006903F2 /* Products */,
			);
			sourceTree = "<group>";
		};
		BC91D2331D13D503006903F2 /* Products */ = {
			isa = PBXGroup;
			children = (
				BC91D2321D13D503006903F2 /* SourceKitPlayground.app */,
			);
			name = Products;
			sourceTree = "<group>";
		};
		BC91D2341D13D503006903F2 /* SourceKitPlayground */ = {
			isa = PBXGroup;
			children = (
				BC91D2351D13D503006903F2 /* AppDelegate.swift */,
				BC91D2371D13D503006903F2 /* ViewController.swift */,
				BC91D2391D13D503006903F2 /* Assets.xcassets */,
				BC91D23B1D13D503006903F2 /* Main.storyboard */,
				BC91D23E1D13D503006903F2 /* Info.plist */,
			);
			path = SourceKitPlayground;
			sourceTree = "<group>";
		};
/* End PBXGroup section */

/* Begin PBXNativeTarget section */
		BC91D2311D13D503006903F2 /* SourceKitPlayground */ = {
			isa = PBXNativeTarget;
			buildConfigurationList = BC91D2411D13D503006903F2 /* Build configuration list for PBXNativeTarget "SourceKitPlayground" */;
			buildPhases = (
				BC91D22E1D13D503006903F2 /* Sources */,
				BC91D22F1D13D503006903F2 /* Frameworks */,
				BC91D2301D13D503006903F2 /* Resources */,
			);
			buildRules = (
			);
			dependencies = (
			);
			name = SourceKitPlayground;
			productName = SourceKitPlayground;
			productReference = BC91D2321D13D503006903F2 /* SourceKitPlayground.app */;
			productType = "com.apple.product-type.application";
		};
/* End PBXNativeTarget section */

/* Begin PBXProject section */
		BC91D22A1D13D503006903F2 /* Project object */ = {
			isa = PBXProject;
			attributes = {
				LastSwiftUpdateCheck = 0800;
				LastUpgradeCheck = 0800;
				ORGANIZATIONNAME = ankit.im;
				TargetAttributes = {
					BC91D2311D13D503006903F2 = {
						CreatedOnToolsVersion = 8.0;
						DevelopmentTeam = 7MCFWZ9C3F;
						DevelopmentTeamName = "Ankit Aggarwal (Personal Team)";
						ProvisioningStyle = Automatic;
					};
				};
			};
			buildConfigurationList = BC91D22D1D13D503006903F2 /* Build configuration list for PBXProject "SourceKitPlayground" */;
			compatibilityVersion = "Xcode 3.2";
			developmentRegion = English;
			hasScannedForEncodings = 0;
			knownRegions = (
				en,
				Base,
			);
			mainGroup = BC91D2291D13D503006903F2;
			productRefGroup = BC91D2331D13D503006903F2 /* Products */;
			projectDirPath = "";
			projectRoot = "";
			targets = (
				BC91D2311D13D503006903F2 /* SourceKitPlayground */,
			);
		};
/* End PBXProject section */

/* Begin PBXResourcesBuildPhase section */
		BC91D2301D13D503006903F2 /* Resources */ = {
			isa = PBXResourcesBuildPhase;
			buildActionMask = 2147483647;
			files = (
				BC91D23A1D13D503006903F2 /* Assets.xcassets in Resources */,
				BC91D23D1D13D503006903F2 /* Main.storyboard in Resources */,
			);
			runOnlyForDeploymentPostprocessing = 0;
		};
/* End PBXResourcesBuildPhase section */

/* Begin PBXSourcesBuildPhase section */
		BC91D22E1D13D503006903F2 /* Sources */ = {
			isa = PBXSourcesBuildPhase;
			buildActionMask = 2147483647;
			files = (
				BC91D2381D13D503006903F2 /* ViewController.swift in Sources */,
				BC91D2361D13D503006903F2 /* AppDelegate.swift in Sources */,
			);
			runOnlyForDeploymentPostprocessing = 0;
		};
/* End PBXSourcesBuildPhase section */

/* Begin PBXVariantGroup section */
		BC91D23B1D13D503006903F2 /* Main.storyboard */ = {
			isa = PBXVariantGroup;
			children = (
				BC91D23C1D13D503006903F2 /* Base */,
			);
			name = Main.storyboard;
			sourceTree = "<group>";
		};
/* End PBXVariantGroup section */

/* Begin XCBuildConfiguration section */
		BC91D23F1D13D503006903F2 /* Debug */ = {
			isa = XCBuildConfiguration;
			buildSettings = {
				ALWAYS_SEARCH_USER_PATHS = NO;
				CLANG_ANALYZER_NONNULL = YES;
				CLANG_CXX_LANGUAGE_STANDARD = "gnu++0x";
				CLANG_CXX_LIBRARY = "libc++";
				CLANG_ENABLE_MODULES = YES;
				CLANG_ENABLE_OBJC_ARC = YES;
				CLANG_WARN_BOOL_CONVERSION = YES;
				CLANG_WARN_CONSTANT_CONVERSION = YES;
				CLANG_WARN_DIRECT_OBJC_ISA_USAGE = YES_ERROR;
				CLANG_WARN_DOCUMENTATION_COMMENTS = YES;
				CLANG_WARN_EMPTY_BODY = YES;
				CLANG_WARN_ENUM_CONVERSION = YES;
				CLANG_WARN_INT_CONVERSION = YES;
				CLANG_WARN_OBJC_ROOT_CLASS = YES_ERROR;
				CLANG_WARN_UNREACHABLE_CODE = YES;
				CLANG_WARN__DUPLICATE_METHOD_MATCH = YES;
				CODE_SIGN_IDENTITY = "-";
				COPY_PHASE_STRIP = NO;
				DEBUG_INFORMATION_FORMAT = dwarf;
				ENABLE_STRICT_OBJC_MSGSEND = YES;
				ENABLE_TESTABILITY = YES;
				GCC_C_LANGUAGE_STANDARD = gnu99;
				GCC_DYNAMIC_NO_PIC = NO;
				GCC_NO_COMMON_BLOCKS = YES;
				GCC_OPTIMIZATION_LEVEL = 0;
				GCC_PREPROCESSOR_DEFINITIONS = (
					"DEBUG=1",
					"$(inherited)",
				);
				GCC_WARN_64_TO_32_BIT_CONVERSION = YES;
				GCC_WARN_ABOUT_RETURN_TYPE = YES_ERROR;
				GCC_WARN_UNDECLARED_SELECTOR = YES;
				GCC_WARN_UNINITIALIZED_AUTOS = YES_AGGRESSIVE;
				GCC_WARN_UNUSED_FUNCTION = YES;
				GCC_WARN_UNUSED_VARIABLE = YES;
				MACOSX_DEPLOYMENT_TARGET = 10.11;
				MTL_ENABLE_DEBUG_INFO = YES;
				ONLY_ACTIVE_ARCH = YES;
				SDKROOT = macosx;
				SWIFT_ACTIVE_COMPILATION_CONDITIONS = DEBUG;
				SWIFT_OPTIMIZATION_LEVEL = "-Onone";
			};
			name = Debug;
		};
		BC91D2401D13D503006903F2 /* Release */ = {
			isa = XCBuildConfiguration;
			buildSettings = {
				ALWAYS_SEARCH_USER_PATHS = NO;
				CLANG_ANALYZER_NONNULL = YES;
				CLANG_CXX_LANGUAGE_STANDARD = "gnu++0x";
				CLANG_CXX_LIBRARY = "libc++";
				CLANG_ENABLE_MODULES = YES;
				CLANG_ENABLE_OBJC_ARC = YES;
				CLANG_WARN_BOOL_CONVERSION = YES;
				CLANG_WARN_CONSTANT_CONVERSION = YES;
				CLANG_WARN_DIRECT_OBJC_ISA_USAGE = YES_ERROR;
				CLANG_WARN_DOCUMENTATION_COMMENTS = YES;
				CLANG_WARN_EMPTY_BODY = YES;
				CLANG_WARN_ENUM_CONVERSION = YES;
				CLANG_WARN_INT_CONVERSION = YES;
				CLANG_WARN_OBJC_ROOT_CLASS = YES_ERROR;
				CLANG_WARN_UNREACHABLE_CODE = YES;
				CLANG_WARN__DUPLICATE_METHOD_MATCH = YES;
				CODE_SIGN_IDENTITY = "-";
				COPY_PHASE_STRIP = NO;
				DEBUG_INFORMATION_FORMAT = "dwarf-with-dsym";
				ENABLE_NS_ASSERTIONS = NO;
				ENABLE_STRICT_OBJC_MSGSEND = YES;
				GCC_C_LANGUAGE_STANDARD = gnu99;
				GCC_NO_COMMON_BLOCKS = YES;
				GCC_WARN_64_TO_32_BIT_CONVERSION = YES;
				GCC_WARN_ABOUT_RETURN_TYPE = YES_ERROR;
				GCC_WARN_UNDECLARED_SELECTOR = YES;
				GCC_WARN_UNINITIALIZED_AUTOS = YES_AGGRESSIVE;
				GCC_WARN_UNUSED_FUNCTION = YES;
				GCC_WARN_UNUSED_VARIABLE = YES;
				MACOSX_DEPLOYMENT_TARGET = 10.11;
				MTL_ENABLE_DEBUG_INFO = NO;
				SDKROOT = macosx;
				SWIFT_OPTIMIZATION_LEVEL = "-Owholemodule";
			};
			name = Release;
		};
		BC91D2421D13D503006903F2 /* Debug */ = {
			isa = XCBuildConfiguration;
			buildSettings = {
				ASSETCATALOG_COMPILER_APPICON_NAME = AppIcon;
				COMBINE_HIDPI_IMAGES = YES;
				INFOPLIST_FILE = SourceKitPlayground/Info.plist;
				LD_RUNPATH_SEARCH_PATHS = "$(inherited) @executable_path/../Frameworks";
				PRODUCT_BUNDLE_IDENTIFIER = im.ankit.SourceKitPlayground;
				PRODUCT_NAME = "$(TARGET_NAME)";
				SWIFT_VERSION = 3.0;
			};
			name = Debug;
		};
		BC91D2431D13D503006903F2 /* Release */ = {
			isa = XCBuildConfiguration;
			buildSettings = {
				ASSETCATALOG_COMPILER_APPICON_NAME = AppIcon;
				COMBINE_HIDPI_IMAGES = YES;
				INFOPLIST_FILE = SourceKitPlayground/Info.plist;
				LD_RUNPATH_SEARCH_PATHS = "$(inherited) @executable_path/../Frameworks";
				PRODUCT_BUNDLE_IDENTIFIER = im.ankit.SourceKitPlayground;
				PRODUCT_NAME = "$(TARGET_NAME)";
				SWIFT_VERSION = 3.0;
			};
			name = Release;
		};
/* End XCBuildConfiguration section */

/* Begin XCConfigurationList section */
		BC91D22D1D13D503006903F2 /* Build configuration list for PBXProject "SourceKitPlayground" */ = {
			isa = XCConfigurationList;
			buildConfigurations = (
				BC91D23F1D13D503006903F2 /* Debug */,
				BC91D2401D13D503006903F2 /* Release */,
			);
			defaultConfigurationIsVisible = 0;
			defaultConfigurationName = Release;
		};
		BC91D2411D13D503006903F2 /* Build configuration list for PBXNativeTarget "SourceKitPlayground" */ = {
			isa = XCConfigurationList;
			buildConfigurations = (
				BC91D2421D13D503006903F2 /* Debug */,
				BC91D2431D13D503006903F2 /* Release */,
			);
			defaultConfigurationIsVisible = 0;
		};
/* End XCConfigurationList section */
	};
	rootObject = BC91D22A1D13D503006903F2 /* Project object */;
}
